PODS:
  - IronSourceAdQualitySDK (9.0.2)
  - IronSourceSDK (9.0.0.0):
    - IronSourceSDK/AdQuality (= 9.0.0.0)
    - IronSourceSDK/Ads (= 9.0.0.0)
  - IronSourceSDK/AdQuality (9.0.0.0):
    - IronSourceAdQualitySDK (~> 9.0.0)
  - IronSourceSDK/Ads (9.0.0.0)
  - ISVLionCustomAdapter (1.0.01):
    - IronSourceSDK
    - MentaBaseGlobal (~> 1.0.25)
    - MentaMediationGlobal (~> 1.0.25)
    - MentaVlionGlobal (~> 1.0.25)
    - MentaVlionGlobalAdapter (~> 1.0.25)
  - MentaBaseGlobal (1.0.25)
  - MentaMediationGlobal (1.0.25):
    - MentaBaseGlobal (~> 1.0.25)
  - MentaVlionGlobal (1.0.25):
    - MentaBaseGlobal (~> 1.0.25)
  - MentaVlionGlobalAdapter (1.0.25):
    - MentaMediationGlobal (~> 1.0.25)
    - MentaVlionGlobal (~> 1.0.25)

DEPENDENCIES:
  - IronSourceSDK
  - ISVLionCustomAdapter (from `.`)

SPEC REPOS:
  https://github.com/CocoaPods/Specs.git:
    - IronSourceAdQualitySDK
    - IronSourceSDK
    - MentaBaseGlobal
    - MentaMediationGlobal
    - MentaVlionGlobal
    - MentaVlionGlobalAdapter

EXTERNAL SOURCES:
  ISVLionCustomAdapter:
    :path: "."

SPEC CHECKSUMS:
  IronSourceAdQualitySDK: b34d46a52db89ac9d9d4169ceb41f44421e07606
  IronSourceSDK: b64660084bc4b162f30a4e846f7b763ce0074664
  ISVLionCustomAdapter: b76cd02a84612c32cc6cc25137abe832bcc63c10
  MentaBaseGlobal: 2d768f571fe4cc0659c396e1cc7ae3d88a674aaa
  MentaMediationGlobal: ae7760e737ecd00f526c3302da6c2a1886e08235
  MentaVlionGlobal: 6bcc67174a7140641df15a31c8b64da43dc44259
  MentaVlionGlobalAdapter: 2fb245cefdc1976374c029389f86d56936ef3fa5

PODFILE CHECKSUM: 95aa405e717453f1c91203d51577964afb8ec06e

COCOAPODS: 1.16.2
